{
  "originHash" : "bf0657017bac094f229df1829c02a8cda6ad59c01f8ca212aab91d516d5e91aa",
  "pins" : [
    {
      "identity" : "swift-crypto",
      "kind" : "remoteSourceControl",
      "location" : "https://github.com/apple/swift-crypto.git",
      "state" : {
        "revision" : "ffca28be3c9c6a86a579949d23f68818a4b9b5d8",
        "version" : "3.8.0"
      }
    }
  ],
  "version" : 3
}
